hash: 477657827d66523269b5e740550e8e2c19a31abad68201eaf0a1baf12a8d1527
updated: 2018-06-11T01:33:04.4123581Z
imports:
- name: github.com/gorilla/websocket
  version: 5ed622c449da6d44c3c8329331ff47a9e5844f71
- name: github.com/lib/pq
  version: 90697d60dd844d5ef6ff15135d0203f65d2f53b8
  subpackages:
  - oid
testImports: []
